// !$*UTF8*$!
{
	archiveVersion = 1;
	classes = {
	};
	objectVersion = 50;
	objects = {

/* Begin PBXBuildFile section */
		F8979FF126F792B200D52FF9 /* AppDelegate.swift in Sources */ = {isa = PBXBuildFile; fileRef = F8979FF026F792B200D52FF9 /* AppDelegate.swift */; };
		F8979FF326F792B200D52FF9 /* SceneDelegate.swift in Sources */ = {isa = PBXBuildFile; fileRef = F8979FF226F792B200D52FF9 /* SceneDelegate.swift */; };
		F8979FF526F792B200D52FF9 /* ContentView.swift in Sources */ = {isa = PBXBuildFile; fileRef = F8979FF426F792B200D52FF9 /* ContentView.swift */; };
		F8979FF726F792B300D52FF9 /* Assets.xcassets in Resources */ = {isa = PBXBuildFile; fileRef = F8979FF626F792B300D52FF9 /* Assets.xcassets */; };
		F8979FFA26F792B300D52FF9 /* Preview Assets.xcassets in Resources */ = {isa = PBXBuildFile; fileRef = F8979FF926F792B300D52FF9 /* Preview Assets.xcassets */; };
		F8979FFD26F792B300D52FF9 /* LaunchScreen.storyboard in Resources */ = {isa = PBXBuildFile; fileRef = F8979FFB26F792B300D52FF9 /* LaunchScreen.storyboard */; };
		F897A02726F7C4DF00D52FF9 /* SliderUIKit.swift in Sources */ = {isa = PBXBuildFile; fileRef = F897A02626F7C4DF00D52FF9 /* SliderUIKit.swift */; };
		F897A02926F7E56900D52FF9 /* CheckResultButton.swift in Sources */ = {isa = PBXBuildFile; fileRef = F897A02826F7E56900D52FF9 /* CheckResultButton.swift */; };
		F897A02B26F7E62700D52FF9 /* ResetButton.swift in Sources */ = {isa = PBXBuildFile; fileRef = F897A02A26F7E62700D52FF9 /* ResetButton.swift */; };
/* End PBXBuildFile section */

/* Begin PBXFileReference section */
		F8979FED26F792B200D52FF9 /* SliderGameApp.app */ = {isa = PBXFileReference; explicitFileType = wrapper.application; includeInIndex = 0; path = SliderGameApp.app; sourceTree = BUILT_PRODUCTS_DIR; };
		F8979FF026F792B200D52FF9 /* AppDelegate.swift */ = {isa = PBXFileReference; lastKnownFileType = sourcecode.swift; path = AppDelegate.swift; sourceTree = "<group>"; };
		F8979FF226F792B200D52FF9 /* SceneDelegate.swift */ = {isa = PBXFileReference; lastKnownFileType = sourcecode.swift; path = SceneDelegate.swift; sourceTree = "<group>"; };
		F8979FF426F792B200D52FF9 /* ContentView.swift */ = {isa = PBXFileReference; lastKnownFileType = sourcecode.swift; path = ContentView.swift; sourceTree = "<group>"; };
		F8979FF626F792B300D52FF9 /* Assets.xcassets */ = {isa = PBXFileReference; lastKnownFileType = folder.assetcatalog; path = Assets.xcassets; sourceTree = "<group>"; };
		F8979FF926F792B300D52FF9 /* Preview Assets.xcassets */ = {isa = PBXFileReference; lastKnownFileType = folder.assetcatalog; path = "Preview Assets.xcassets"; sourceTree = "<group>"; };
		F8979FFC26F792B300D52FF9 /* Base */ = {isa = PBXFileReference; lastKnownFileType = file.storyboard; name = Base; path = Base.lproj/LaunchScreen.storyboard; sourceTree = "<group>"; };
		F8979FFE26F792B300D52FF9 /* Info.plist */ = {isa = PBXFileReference; lastKnownFileType = text.plist.xml; path = Info.plist; sourceTree = "<group>"; };
		F897A02626F7C4DF00D52FF9 /* SliderUIKit.swift */ = {isa = PBXFileReference; lastKnownFileType = sourcecode.swift; path = SliderUIKit.swift; sourceTree = "<group>"; };
		F897A02826F7E56900D52FF9 /* CheckResultButton.swift */ = {isa = PBXFileReference; lastKnownFileType = sourcecode.swift; path = CheckResultButton.swift; sourceTree = "<group>"; };
		F897A02A26F7E62700D52FF9 /* ResetButton.swift */ = {isa = PBXFileReference; lastKnownFileType = sourcecode.swift; path = ResetButton.swift; sourceTree = "<group>"; };
/* End PBXFileReference section */

/* Begin PBXFrameworksBuildPhase section */
		F8979FEA26F792B200D52FF9 /* Frameworks */ = {
			isa = PBXFrameworksBuildPhase;
			buildActionMask = 2147483647;
			files = (
			);
			runOnlyForDeploymentPostprocessing = 0;
		};
/* End PBXFrameworksBuildPhase section */

/* Begin PBXGroup section */
		F8979FE426F792B200D52FF9 = {
			isa = PBXGroup;
			children = (
				F8979FEF26F792B200D52FF9 /* SliderGameApp */,
				F8979FEE26F792B200D52FF9 /* Products */,
			);
			sourceTree = "<group>";
		};
		F8979FEE26F792B200D52FF9 /* Products */ = {
			isa = PBXGroup;
			children = (
				F8979FED26F792B200D52FF9 /* SliderGameApp.app */,
			);
			name = Products;
			sourceTree = "<group>";
		};
		F8979FEF26F792B200D52FF9 /* SliderGameApp */ = {
			isa = PBXGroup;
			children = (
				F8979FF026F792B200D52FF9 /* AppDelegate.swift */,
				F8979FF226F792B200D52FF9 /* SceneDelegate.swift */,
				F897A02826F7E56900D52FF9 /* CheckResultButton.swift */,
				F897A02A26F7E62700D52FF9 /* ResetButton.swift */,
				F8979FF426F792B200D52FF9 /* ContentView.swift */,
				F897A02626F7C4DF00D52FF9 /* SliderUIKit.swift */,
				F8979FF626F792B300D52FF9 /* Assets.xcassets */,
				F8979FFB26F792B300D52FF9 /* LaunchScreen.storyboard */,
				F8979FFE26F792B300D52FF9 /* Info.plist */,
				F8979FF826F792B300D52FF9 /* Preview Content */,
			);
			path = SliderGameApp;
			sourceTree = "<group>";
		};
		F8979FF826F792B300D52FF9 /* Preview Content */ = {
			isa = PBXGroup;
			children = (
				F8979FF926F792B300D52FF9 /* Preview Assets.xcassets */,
			);
			path = "Preview Content";
			sourceTree = "<group>";
		};
/* End PBXGroup section */

/* Begin PBXNativeTarget section */
		F8979FEC26F792B200D52FF9 /* SliderGameApp */ = {
			isa = PBXNativeTarget;
			buildConfigurationList = F897A00126F792B300D52FF9 /* Build configuration list for PBXNativeTarget "SliderGameApp" */;
			buildPhases = (
				F8979FE926F792B200D52FF9 /* Sources */,
				F8979FEA26F792B200D52FF9 /* Frameworks */,
				F8979FEB26F792B200D52FF9 /* Resources */,
			);
			buildRules = (
			);
			dependencies = (
			);
			name = SliderGameApp;
			productName = SliderGameApp;
			productReference = F8979FED26F792B200D52FF9 /* SliderGameApp.app */;
			productType = "com.apple.product-type.application";
		};
/* End PBXNativeTarget section */

/* Begin PBXProject section */
		F8979FE526F792B200D52FF9 /* Project object */ = {
			isa = PBXProject;
			attributes = {
				LastSwiftUpdateCheck = 1250;
				LastUpgradeCheck = 1250;
				TargetAttributes = {
					F8979FEC26F792B200D52FF9 = {
						CreatedOnToolsVersion = 12.5.1;
					};
				};
			};
			buildConfigurationList = F8979FE826F792B200D52FF9 /* Build configuration list for PBXProject "SliderGameApp" */;
			compatibilityVersion = "Xcode 9.3";
			developmentRegion = en;
			hasScannedForEncodings = 0;
			knownRegions = (
				en,
				Base,
			);
			mainGroup = F8979FE426F792B200D52FF9;
			productRefGroup = F8979FEE26F792B200D52FF9 /* Products */;
			projectDirPath = "";
			projectRoot = "";
			targets = (
				F8979FEC26F792B200D52FF9 /* SliderGameApp */,
			);
		};
/* End PBXProject section */

/* Begin PBXResourcesBuildPhase section */
		F8979FEB26F792B200D52FF9 /* Resources */ = {
			isa = PBXResourcesBuildPhase;
			buildActionMask = 2147483647;
			files = (
				F8979FFD26F792B300D52FF9 /* LaunchScreen.storyboard in Resources */,
				F8979FFA26F792B300D52FF9 /* Preview Assets.xcassets in Resources */,
				F8979FF726F792B300D52FF9 /* Assets.xcassets in Resources */,
			);
			runOnlyForDeploymentPostprocessing = 0;
		};
/* End PBXResourcesBuildPhase section */

/* Begin PBXSourcesBuildPhase section */
		F8979FE926F792B200D52FF9 /* Sources */ = {
			isa = PBXSourcesBuildPhase;
			buildActionMask = 2147483647;
			files = (
				F8979FF126F792B200D52FF9 /* AppDelegate.swift in Sources */,
				F897A02B26F7E62700D52FF9 /* ResetButton.swift in Sources */,
				F897A02726F7C4DF00D52FF9 /* SliderUIKit.swift in Sources */,
				F8979FF326F792B200D52FF9 /* SceneDelegate.swift in Sources */,
				F897A02926F7E56900D52FF9 /* CheckResultButton.swift in Sources */,
				F8979FF526F792B200D52FF9 /* ContentView.swift in Sources */,
			);
			runOnlyForDeploymentPostprocessing = 0;
		};
/* End PBXSourcesBuildPhase section */

/* Begin PBXVariantGroup section */
		F8979FFB26F792B300D52FF9 /* LaunchScreen.storyboard */ = {
			isa = PBXVariantGroup;
			children = (
				F8979FFC26F792B300D52FF9 /* Base */,
			);
			name = LaunchScreen.storyboard;
			sourceTree = "<group>";
		};
/* End PBXVariantGroup section */

/* Begin XCBuildConfiguration section */
		F8979FFF26F792B300D52FF9 /* Debug */ = {
			isa = XCBuildConfiguration;
			buildSettings = {
				ALWAYS_SEARCH_USER_PATHS = NO;
				CLANG_ANALYZER_NONNULL = YES;
				CLANG_ANALYZER_NUMBER_OBJECT_CONVERSION = YES_AGGRESSIVE;
				CLANG_CXX_LANGUAGE_STANDARD = "gnu++14";
				CLANG_CXX_LIBRARY = "libc++";
				CLANG_ENABLE_MODULES = YES;
				CLANG_ENABLE_OBJC_ARC = YES;
				CLANG_ENABLE_OBJC_WEAK = YES;
				CLANG_WARN_BLOCK_CAPTURE_AUTORELEASING = YES;
				CLANG_WARN_BOOL_CONVERSION = YES;
				CLANG_WARN_COMMA = YES;
				CLANG_WARN_CONSTANT_CONVERSION = YES;
				CLANG_WARN_DEPRECATED_OBJC_IMPLEMENTATIONS = YES;
				CLANG_WARN_DIRECT_OBJC_ISA_USAGE = YES_ERROR;
				CLANG_WARN_DOCUMENTATION_COMMENTS = YES;
				CLANG_WARN_EMPTY_BODY = YES;
				CLANG_WARN_ENUM_CONVERSION = YES;
				CLANG_WARN_INFINITE_RECURSION = YES;
				CLANG_WARN_INT_CONVERSION = YES;
				CLANG_WARN_NON_LITERAL_NULL_CONVERSION = YES;
				CLANG_WARN_OBJC_IMPLICIT_RETAIN_SELF = YES;
				CLANG_WARN_OBJC_LITERAL_CONVERSION = YES;
				CLANG_WARN_OBJC_ROOT_CLASS = YES_ERROR;
				CLANG_WARN_QUOTED_INCLUDE_IN_FRAMEWORK_HEADER = YES;
				CLANG_WARN_RANGE_LOOP_ANALYSIS = YES;
				CLANG_WARN_STRICT_PROTOTYPES = YES;
				CLANG_WARN_SUSPICIOUS_MOVE = YES;
				CLANG_WARN_UNGUARDED_AVAILABILITY = YES_AGGRESSIVE;
				CLANG_WARN_UNREACHABLE_CODE = YES;
				CLANG_WARN__DUPLICATE_METHOD_MATCH = YES;
				COPY_PHASE_STRIP = NO;
				DEBUG_INFORMATION_FORMAT = dwarf;
				ENABLE_STRICT_OBJC_MSGSEND = YES;
				ENABLE_TESTABILITY = YES;
				GCC_C_LANGUAGE_STANDARD = gnu11;
				GCC_DYNAMIC_NO_PIC = NO;
				GCC_NO_COMMON_BLOCKS = YES;
				GCC_OPTIMIZATION_LEVEL = 0;
				GCC_PREPROCESSOR_DEFINITIONS = (
					"DEBUG=1",
					"$(inherited)",
				);
				GCC_WARN_64_TO_32_BIT_CONVERSION = YES;
				GCC_WARN_ABOUT_RETURN_TYPE = YES_ERROR;
				GCC_WARN_UNDECLARED_SELECTOR = YES;
				GCC_WARN_UNINITIALIZED_AUTOS = YES_AGGRESSIVE;
				GCC_WARN_UNUSED_FUNCTION = YES;
				GCC_WARN_UNUSED_VARIABLE = YES;
				IPHONEOS_DEPLOYMENT_TARGET = 14.5;
				MTL_ENABLE_DEBUG_INFO = INCLUDE_SOURCE;
				MTL_FAST_MATH = YES;
				ONLY_ACTIVE_ARCH = YES;
				SDKROOT = iphoneos;
				SWIFT_ACTIVE_COMPILATION_CONDITIONS = DEBUG;
				SWIFT_OPTIMIZATION_LEVEL = "-Onone";
			};
			name = Debug;
		};
		F897A00026F792B300D52FF9 /* Release */ = {
			isa = XCBuildConfiguration;
			buildSettings = {
				ALWAYS_SEARCH_USER_PATHS = NO;
				CLANG_ANALYZER_NONNULL = YES;
				CLANG_ANALYZER_NUMBER_OBJECT_CONVERSION = YES_AGGRESSIVE;
				CLANG_CXX_LANGUAGE_STANDARD = "gnu++14";
				CLANG_CXX_LIBRARY = "libc++";
				CLANG_ENABLE_MODULES = YES;
				CLANG_ENABLE_OBJC_ARC = YES;
				CLANG_ENABLE_OBJC_WEAK = YES;
				CLANG_WARN_BLOCK_CAPTURE_AUTORELEASING = YES;
				CLANG_WARN_BOOL_CONVERSION = YES;
				CLANG_WARN_COMMA = YES;
				CLANG_WARN_CONSTANT_CONVERSION = YES;
				CLANG_WARN_DEPRECATED_OBJC_IMPLEMENTATIONS = YES;
				CLANG_WARN_DIRECT_OBJC_ISA_USAGE = YES_ERROR;
				CLANG_WARN_DOCUMENTATION_COMMENTS = YES;
				CLANG_WARN_EMPTY_BODY = YES;
				CLANG_WARN_ENUM_CONVERSION = YES;
				CLANG_WARN_INFINITE_RECURSION = YES;
				CLANG_WARN_INT_CONVERSION = YES;
				CLANG_WARN_NON_LITERAL_NULL_CONVERSION = YES;
				CLANG_WARN_OBJC_IMPLICIT_RETAIN_SELF = YES;
				CLANG_WARN_OBJC_LITERAL_CONVERSION = YES;
				CLANG_WARN_OBJC_ROOT_CLASS = YES_ERROR;
				CLANG_WARN_QUOTED_INCLUDE_IN_FRAMEWORK_HEADER = YES;
				CLANG_WARN_RANGE_LOOP_ANALYSIS = YES;
				CLANG_WARN_STRICT_PROTOTYPES = YES;
				CLANG_WARN_SUSPICIOUS_MOVE = YES;
				CLANG_WARN_UNGUARDED_AVAILABILITY = YES_AGGRESSIVE;
				CLANG_WARN_UNREACHABLE_CODE = YES;
				CLANG_WARN__DUPLICATE_METHOD_MATCH = YES;
				COPY_PHASE_STRIP = NO;
				DEBUG_INFORMATION_FORMAT = "dwarf-with-dsym";
				ENABLE_NS_ASSERTIONS = NO;
				ENABLE_STRICT_OBJC_MSGSEND = YES;
				GCC_C_LANGUAGE_STANDARD = gnu11;
				GCC_NO_COMMON_BLOCKS = YES;
				GCC_WARN_64_TO_32_BIT_CONVERSION = YES;
				GCC_WARN_ABOUT_RETURN_TYPE = YES_ERROR;
				GCC_WARN_UNDECLARED_SELECTOR = YES;
				GCC_WARN_UNINITIALIZED_AUTOS = YES_AGGRESSIVE;
				GCC_WARN_UNUSED_FUNCTION = YES;
				GCC_WARN_UNUSED_VARIABLE = YES;
				IPHONEOS_DEPLOYMENT_TARGET = 14.5;
				MTL_ENABLE_DEBUG_INFO = NO;
				MTL_FAST_MATH = YES;
				SDKROOT = iphoneos;
				SWIFT_COMPILATION_MODE = wholemodule;
				SWIFT_OPTIMIZATION_LEVEL = "-O";
				VALIDATE_PRODUCT = YES;
			};
			name = Release;
		};
		F897A00226F792B300D52FF9 /* Debug */ = {
			isa = XCBuildConfiguration;
			buildSettings = {
				ASSETCATALOG_COMPILER_APPICON_NAME = AppIcon;
				ASSETCATALOG_COMPILER_GLOBAL_ACCENT_COLOR_NAME = AccentColor;
				CODE_SIGN_STYLE = Automatic;
				DEVELOPMENT_ASSET_PATHS = "\"SliderGameApp/Preview Content\"";
				DEVELOPMENT_TEAM = 7Q2Z7KQQ83;
				ENABLE_PREVIEWS = YES;
				INFOPLIST_FILE = SliderGameApp/Info.plist;
				LD_RUNPATH_SEARCH_PATHS = (
					"$(inherited)",
					"@executable_path/Frameworks",
				);
				PRODUCT_BUNDLE_IDENTIFIER = "-2313.SliderGameApp";
				PRODUCT_NAME = "$(TARGET_NAME)";
				SWIFT_VERSION = 5.0;
				TARGETED_DEVICE_FAMILY = "1,2";
			};
			name = Debug;
		};
		F897A00326F792B300D52FF9 /* Release */ = {
			isa = XCBuildConfiguration;
			buildSettings = {
				ASSETCATALOG_COMPILER_APPICON_NAME = AppIcon;
				ASSETCATALOG_COMPILER_GLOBAL_ACCENT_COLOR_NAME = AccentColor;
				CODE_SIGN_STYLE = Automatic;
				DEVELOPMENT_ASSET_PATHS = "\"SliderGameApp/Preview Content\"";
				DEVELOPMENT_TEAM = 7Q2Z7KQQ83;
				ENABLE_PREVIEWS = YES;
				INFOPLIST_FILE = SliderGameApp/Info.plist;
				LD_RUNPATH_SEARCH_PATHS = (
					"$(inherited)",
					"@executable_path/Frameworks",
				);
				PRODUCT_BUNDLE_IDENTIFIER = "-2313.SliderGameApp";
				PRODUCT_NAME = "$(TARGET_NAME)";
				SWIFT_VERSION = 5.0;
				TARGETED_DEVICE_FAMILY = "1,2";
			};
			name = Release;
		};
/* End XCBuildConfiguration section */

/* Begin XCConfigurationList section */
		F8979FE826F792B200D52FF9 /* Build configuration list for PBXProject "SliderGameApp" */ = {
			isa = XCConfigurationList;
			buildConfigurations = (
				F8979FFF26F792B300D52FF9 /* Debug */,
				F897A00026F792B300D52FF9 /* Release */,
			);
			defaultConfigurationIsVisible = 0;
			defaultConfigurationName = Release;
		};
		F897A00126F792B300D52FF9 /* Build configuration list for PBXNativeTarget "SliderGameApp" */ = {
			isa = XCConfigurationList;
			buildConfigurations = (
				F897A00226F792B300D52FF9 /* Debug */,
				F897A00326F792B300D52FF9 /* Release */,
			);
			defaultConfigurationIsVisible = 0;
			defaultConfigurationName = Release;
		};
/* End XCConfigurationList section */
	};
	rootObject = F8979FE526F792B200D52FF9 /* Project object */;
}
